schema: '2.0'
stages:
  clean:
    cmd:
    - uv run python data-clean.py
    deps:
    - path: config.yaml
      hash: md5
      md5: 27d9d8afa7010c8a9677394ee1511bfc
      size: 81
    - path: data/raw/creditcard.csv
      hash: md5
      md5: e90efcb83d69faf99fcab8b0255024de
      size: 150828752
    outs:
    - path: data/splits/
      hash: md5
      md5: f6bf751fd910a5c65b56f8c1da20b95b.dir
      size: 295388817
      nfiles: 8
  tune:
    cmd: uv run python train_tune.py
    deps:
    - path: config.yaml
      hash: md5
      md5: 27d9d8afa7010c8a9677394ee1511bfc
      size: 81
    - path: data/splits
      hash: md5
      md5: f6bf751fd910a5c65b56f8c1da20b95b.dir
      size: 295388817
      nfiles: 8
    - path: train_tune.py
      hash: md5
      md5: 838fa03437521b94b8f9ee544627ab8d
      size: 2095
    - path: trainer_funcs.py
      hash: md5
      md5: e7874356d17fc43a5c1276811924edb9
      size: 10893
    outs:
    - path: mlflow.db
      hash: md5
      md5: 266e85235d9f995b4215cd1160dc7395
      size: 4235264
    - path: mlruns/1
      hash: md5
      md5: 06cfd78d47605391dceb829553edb64d.dir
      size: 12448161
      nfiles: 27
    - path: mlruns/2
      hash: md5
      md5: 4ed728128dff61243f89904d531707f4.dir
      size: 17069842
      nfiles: 25
    - path: mlruns/3
      hash: md5
      md5: f2ac16f48e596e001ae22c49919b354c.dir
      size: 359490
      nfiles: 18
    - path: oof_scores/
      hash: md5
      md5: 31127adcc0f59c884f0bdcd56a826a03.dir
      size: 17136249
      nfiles: 4
    - path: results/
      hash: md5
      md5: 662d5457bf669ba5a6b3c3abbe12c219.dir
      size: 6736
      nfiles: 3
    - path: scalers/
      hash: md5
      md5: f3f910d6b1c0c667b5dca4f541ab80f6.dir
      size: 1182
      nfiles: 2
  train_final:
    cmd: uv run python train_final_model.py
    deps:
    - path: config.yaml
      hash: md5
      md5: 27d9d8afa7010c8a9677394ee1511bfc
      size: 81
    - path: data/splits/X.csv
      hash: md5
      md5: 1f3fd3321e473608c8d91261d91a783f
      size: 135235347
    - path: data/splits/X_test.csv
      hash: md5
      md5: 15560653ca1f28a17bedd555f252cd1c
      size: 23864187
    - path: data/splits/y.csv
      hash: md5
      md5: 1a7cff830d52af07b20c42a4cb52f911
      size: 484176
    - path: data/splits/y_test.csv
      hash: md5
      md5: baf31a865909888ed426580c462d1908
      size: 85450
    - path: results/
      hash: md5
      md5: 662d5457bf669ba5a6b3c3abbe12c219.dir
      size: 6736
      nfiles: 3
    - path: scalers/
      hash: md5
      md5: f3f910d6b1c0c667b5dca4f541ab80f6.dir
      size: 1182
      nfiles: 2
    - path: train_final_model.py
      hash: md5
      md5: de0d83b6bd7473c1109a0ed66d38989e
      size: 4217
    - path: trainer_funcs.py
      hash: md5
      md5: e7874356d17fc43a5c1276811924edb9
      size: 10893
    outs:
    - path: mlruns/0/
      hash: md5
      md5: d21ee81b75518e5671bdc3fa21c5a36e.dir
      size: 6730466
      nfiles: 35
